
Microsoft Visual Studio Solution File, Format Version 12.00
# Visual Studio Version 17
VisualStudioVersion = 17.10.34928.147
MinimumVisualStudioVersion = 10.0.40219.1
Project("{FAE04EC0-301F-11D3-BF4B-00C04F79EFBC}") = "ReactAppNetCore.Server", "ReactAppNetCore.Server\ReactAppNetCore.Server.csproj", "{EAB57145-04A8-4E86-BC8B-0137392B9828}"
EndProject
Project("{54A90642-561A-4BB1-A94E-469ADEE60C69}") = "reactappnetcore.client", "reactappnetcore.client\reactappnetcore.client.esproj", "{5F1B6C86-8277-41C4-948F-8CEEFE10373A}"
EndProject
Global
	GlobalSection(SolutionConfigurationPlatforms) = preSolution
		Debug|Any CPU = Debug|Any CPU
		Release|Any CPU = Release|Any CPU
	EndGlobalSection
	GlobalSection(ProjectConfigurationPlatforms) = postSolution
		{EAB57145-04A8-4E86-BC8B-0137392B9828}.Debug|Any CPU.ActiveCfg = Debug|Any CPU
		{EAB57145-04A8-4E86-BC8B-0137392B9828}.Debug|Any CPU.Build.0 = Debug|Any CPU
		{EAB57145-04A8-4E86-BC8B-0137392B9828}.Release|Any CPU.ActiveCfg = Release|Any CPU
		{EAB57145-04A8-4E86-BC8B-0137392B9828}.Release|Any CPU.Build.0 = Release|Any CPU
		{5F1B6C86-8277-41C4-948F-8CEEFE10373A}.Debug|Any CPU.ActiveCfg = Debug|Any CPU
		{5F1B6C86-8277-41C4-948F-8CEEFE10373A}.Debug|Any CPU.Build.0 = Debug|Any CPU
		{5F1B6C86-8277-41C4-948F-8CEEFE10373A}.Debug|Any CPU.Deploy.0 = Debug|Any CPU
		{5F1B6C86-8277-41C4-948F-8CEEFE10373A}.Release|Any CPU.ActiveCfg = Release|Any CPU
		{5F1B6C86-8277-41C4-948F-8CEEFE10373A}.Release|Any CPU.Build.0 = Release|Any CPU
		{5F1B6C86-8277-41C4-948F-8CEEFE10373A}.Release|Any CPU.Deploy.0 = Release|Any CPU
	EndGlobalSection
	GlobalSection(SolutionProperties) = preSolution
		HideSolutionNode = FALSE
	EndGlobalSection
	GlobalSection(ExtensibilityGlobals) = postSolution
		SolutionGuid = {D1085A8A-36C7-483E-9171-CB96BD2E5722}
	EndGlobalSection
EndGlobal
